Microsoft Visual Studio Solution File, Format Version 12.00
# Visual Studio 15
VisualStudioVersion = 15.0.28307.902
MinimumVisualStudioVersion = 10.0.40219.1
Project("{8BC9CEB8-8B4A-11D0-8D11-00A0C91BC942}") = "qxldod", "qxldod\qxldod.vcxproj", "{A6F48FC7-97E9-48EC-BCDF-1E4F9B43AADD}"
EndProject
Project("{2150E333-8FDC-42A3-9474-1A3956D46DE8}") = "Solution Items", "Solution Items", "{467F7836-D656-441E-ACFE-1CF73CD25364}"
EndProject
Global
	GlobalSection(SolutionConfigurationPlatforms) = preSolution
		Win10 Debug|x64 = Win10 Debug|x64
		Win10 Debug|x86 = Win10 Debug|x86
		Win10 Release|x64 = Win10 Release|x64
		Win10 Release|x86 = Win10 Release|x86
		Win8 Debug|x64 = Win8 Debug|x64
		Win8 Debug|x86 = Win8 Debug|x86
		Win8 Release|x64 = Win8 Release|x64
		Win8 Release|x86 = Win8 Release|x86
	EndGlobalSection
	GlobalSection(ProjectConfigurationPlatforms) = postSolution
		{A6F48FC7-97E9-48EC-BCDF-1E4F9B43AADD}.Win10 Debug|x64.ActiveCfg = Win10 Debug|x64
		{A6F48FC7-97E9-48EC-BCDF-1E4F9B43AADD}.Win10 Debug|x64.Build.0 = Win10 Debug|x64
		{A6F48FC7-97E9-48EC-BCDF-1E4F9B43AADD}.Win10 Debug|x64.Deploy.0 = Win10 Debug|x64
		{A6F48FC7-97E9-48EC-BCDF-1E4F9B43AADD}.Win10 Debug|x86.ActiveCfg = Win10 Debug|Win32
		{A6F48FC7-97E9-48EC-BCDF-1E4F9B43AADD}.Win10 Debug|x86.Build.0 = Win10 Debug|Win32
		{A6F48FC7-97E9-48EC-BCDF-1E4F9B43AADD}.Win10 Debug|x86.Deploy.0 = Win10 Debug|Win32
		{A6F48FC7-97E9-48EC-BCDF-1E4F9B43AADD}.Win10 Release|x64.ActiveCfg = Win10 Release|x64
		{A6F48FC7-97E9-48EC-BCDF-1E4F9B43AADD}.Win10 Release|x64.Build.0 = Win10 Release|x64
		{A6F48FC7-97E9-48EC-BCDF-1E4F9B43AADD}.Win10 Release|x64.Deploy.0 = Win10 Release|x64
		{A6F48FC7-97E9-48EC-BCDF-1E4F9B43AADD}.Win10 Release|x86.ActiveCfg = Win10 Release|Win32
		{A6F48FC7-97E9-48EC-BCDF-1E4F9B43AADD}.Win10 Release|x86.Build.0 = Win10 Release|Win32
		{A6F48FC7-97E9-48EC-BCDF-1E4F9B43AADD}.Win10 Release|x86.Deploy.0 = Win10 Release|Win32
		{A6F48FC7-97E9-48EC-BCDF-1E4F9B43AADD}.Win8 Debug|x64.ActiveCfg = Win8 Debug|x64
		{A6F48FC7-97E9-48EC-BCDF-1E4F9B43AADD}.Win8 Debug|x64.Build.0 = Win8 Debug|x64
		{A6F48FC7-97E9-48EC-BCDF-1E4F9B43AADD}.Win8 Debug|x64.Deploy.0 = Win8 Debug|x64
		{A6F48FC7-97E9-48EC-BCDF-1E4F9B43AADD}.Win8 Debug|x86.ActiveCfg = Win8 Debug|Win32
		{A6F48FC7-97E9-48EC-BCDF-1E4F9B43AADD}.Win8 Debug|x86.Build.0 = Win8 Debug|Win32
		{A6F48FC7-97E9-48EC-BCDF-1E4F9B43AADD}.Win8 Debug|x86.Deploy.0 = Win8 Debug|Win32
		{A6F48FC7-97E9-48EC-BCDF-1E4F9B43AADD}.Win8 Release|x64.ActiveCfg = Win8 Release|x64
		{A6F48FC7-97E9-48EC-BCDF-1E4F9B43AADD}.Win8 Release|x64.Build.0 = Win8 Release|x64
		{A6F48FC7-97E9-48EC-BCDF-1E4F9B43AADD}.Win8 Release|x64.Deploy.0 = Win8 Release|x64
		{A6F48FC7-97E9-48EC-BCDF-1E4F9B43AADD}.Win8 Release|x86.ActiveCfg = Win8 Release|Win32
		{A6F48FC7-97E9-48EC-BCDF-1E4F9B43AADD}.Win8 Release|x86.Build.0 = Win8 Release|Win32
		{A6F48FC7-97E9-48EC-BCDF-1E4F9B43AADD}.Win8 Release|x86.Deploy.0 = Win8 Release|Win32
	EndGlobalSection
	GlobalSection(SolutionProperties) = preSolution
		HideSolutionNode = FALSE
	EndGlobalSection
	GlobalSection(ExtensibilityGlobals) = postSolution
		SolutionGuid = {FEC90760-D230-4168-9DB4-5993EF34A967}
	EndGlobalSection
EndGlobal
